// !$*UTF8*$!
{
	archiveVersion = 1;
	classes = {
	};
	objectVersion = 55;
	objects = {

/* Begin PBXBuildFile section */
		1C07394B27C05B2F000AB324 /* CardView.swift in Sources */ = {isa = PBXBuildFile; fileRef = 1C07394A27C05B2F000AB324 /* CardView.swift */; };
		1C17F66027F2F80F00461412 /* AlertView.swift in Sources */ = {isa = PBXBuildFile; fileRef = 1C17F65F27F2F80F00461412 /* AlertView.swift */; };
		1C17F66227F41C6000461412 /* DateManager.swift in Sources */ = {isa = PBXBuildFile; fileRef = 1C17F66127F41C6000461412 /* DateManager.swift */; };
		1C2C2A2F27F1737F0034057F /* RealmManager.swift in Sources */ = {isa = PBXBuildFile; fileRef = 1C2C2A2E27F1737F0034057F /* RealmManager.swift */; };
		1C83814B287314E800427B73 /* EmptyBoxView.swift in Sources */ = {isa = PBXBuildFile; fileRef = 1C83814A287314E800427B73 /* EmptyBoxView.swift */; };
		1C83814D287318AA00427B73 /* CardListView.swift in Sources */ = {isa = PBXBuildFile; fileRef = 1C83814C287318AA00427B73 /* CardListView.swift */; };
		1CB4531327BD37F1007CE24F /* PublicBoxTabView.swift in Sources */ = {isa = PBXBuildFile; fileRef = 1CB4531227BD37F1007CE24F /* PublicBoxTabView.swift */; };
		1CB4531527BD37F7007CE24F /* PrivateBoxTabView.swift in Sources */ = {isa = PBXBuildFile; fileRef = 1CB4531427BD37F7007CE24F /* PrivateBoxTabView.swift */; };
		1CB4531727BD37FD007CE24F /* OnDemandView.swift in Sources */ = {isa = PBXBuildFile; fileRef = 1CB4531627BD37FD007CE24F /* OnDemandView.swift */; };
		1CB4531927BD380A007CE24F /* FoldingCell.swift in Sources */ = {isa = PBXBuildFile; fileRef = 1CB4531827BD380A007CE24F /* FoldingCell.swift */; };
		1CB4531B27BD380F007CE24F /* Card.swift in Sources */ = {isa = PBXBuildFile; fileRef = 1CB4531A27BD380F007CE24F /* Card.swift */; };
		1CB4531D27BD3813007CE24F /* AddNewCardView.swift in Sources */ = {isa = PBXBuildFile; fileRef = 1CB4531C27BD3813007CE24F /* AddNewCardView.swift */; };
		1CE7578627EE608400BC91DF /* SectionTitleView.swift in Sources */ = {isa = PBXBuildFile; fileRef = 1CE7578527EE608400BC91DF /* SectionTitleView.swift */; };
		1CE7578827EE74FF00BC91DF /* AddButtonView.swift in Sources */ = {isa = PBXBuildFile; fileRef = 1CE7578727EE74FF00BC91DF /* AddButtonView.swift */; };
		1CE7578B27EE75A100BC91DF /* LocationManager.swift in Sources */ = {isa = PBXBuildFile; fileRef = 1CE7578A27EE75A100BC91DF /* LocationManager.swift */; };
		1CF3EDE827B7453900B6559F /* CardBoxApp.swift in Sources */ = {isa = PBXBuildFile; fileRef = 1CF3EDE727B7453900B6559F /* CardBoxApp.swift */; };
		1CF3EDEA27B7453900B6559F /* ContentView.swift in Sources */ = {isa = PBXBuildFile; fileRef = 1CF3EDE927B7453900B6559F /* ContentView.swift */; };
		1CF3EDEC27B7453B00B6559F /* Assets.xcassets in Resources */ = {isa = PBXBuildFile; fileRef = 1CF3EDEB27B7453B00B6559F /* Assets.xcassets */; };
		1CF3EDEF27B7453B00B6559F /* Preview Assets.xcassets in Resources */ = {isa = PBXBuildFile; fileRef = 1CF3EDEE27B7453B00B6559F /* Preview Assets.xcassets */; };
		1CF3EDF927B7453B00B6559F /* CardBoxTests.swift in Sources */ = {isa = PBXBuildFile; fileRef = 1CF3EDF827B7453B00B6559F /* CardBoxTests.swift */; };
		1CF3EE0327B7453B00B6559F /* CardBoxUITests.swift in Sources */ = {isa = PBXBuildFile; fileRef = 1CF3EE0227B7453B00B6559F /* CardBoxUITests.swift */; };
		1CF3EE0527B7453B00B6559F /* CardBoxUITestsLaunchTests.swift in Sources */ = {isa = PBXBuildFile; fileRef = 1CF3EE0427B7453B00B6559F /* CardBoxUITestsLaunchTests.swift */; };
		762563F37BD20CB5B306C957 /* Pods_CardBox.framework in Frameworks */ = {isa = PBXBuildFile; fileRef = B821941CBB1464F5C023B932 /* Pods_CardBox.framework */; };
		B2D3F6D38C130462CA80E599 /* Pods_CardBoxTests.framework in Frameworks */ = {isa = PBXBuildFile; fileRef = 4186ADF3A1B96F8775BDFA5B /* Pods_CardBoxTests.framework */; };
		CA112025C8B5D169E312BC65 /* Pods_CardBox_CardBoxUITests.framework in Frameworks */ = {isa = PBXBuildFile; fileRef = A02E3EEF388C7A4BB7C995D0 /* Pods_CardBox_CardBoxUITests.framework */; };
/* End PBXBuildFile section */

/* Begin PBXContainerItemProxy section */
		1CF3EDF527B7453B00B6559F /* PBXContainerItemProxy */ = {
			isa = PBXContainerItemProxy;
			containerPortal = 1CF3EDDC27B7453900B6559F /* Project object */;
			proxyType = 1;
			remoteGlobalIDString = 1CF3EDE327B7453900B6559F;
			remoteInfo = CardBox;
		};
		1CF3EDFF27B7453B00B6559F /* PBXContainerItemProxy */ = {
			isa = PBXContainerItemProxy;
			containerPortal = 1CF3EDDC27B7453900B6559F /* Project object */;
			proxyType = 1;
			remoteGlobalIDString = 1CF3EDE327B7453900B6559F;
			remoteInfo = CardBox;
		};
/* End PBXContainerItemProxy section */

/* Begin PBXFileReference section */
		0F96BECD7A30FCC651D100F2 /* Pods-CardBox.debug.xcconfig */ = {isa = PBXFileReference; includeInIndex = 1; lastKnownFileType = text.xcconfig; name = "Pods-CardBox.debug.xcconfig"; path = "Target Support Files/Pods-CardBox/Pods-CardBox.debug.xcconfig"; sourceTree = "<group>"; };
		1C07394A27C05B2F000AB324 /* CardView.swift */ = {isa = PBXFileReference; lastKnownFileType = sourcecode.swift; path = CardView.swift; sourceTree = "<group>"; };
		1C17F65F27F2F80F00461412 /* AlertView.swift */ = {isa = PBXFileReference; lastKnownFileType = sourcecode.swift; path = AlertView.swift; sourceTree = "<group>"; };
		1C17F66127F41C6000461412 /* DateManager.swift */ = {isa = PBXFileReference; lastKnownFileType = sourcecode.swift; path = DateManager.swift; sourceTree = "<group>"; };
		1C2C2A2E27F1737F0034057F /* RealmManager.swift */ = {isa = PBXFileReference; lastKnownFileType = sourcecode.swift; path = RealmManager.swift; sourceTree = "<group>"; };
		1C83814A287314E800427B73 /* EmptyBoxView.swift */ = {isa = PBXFileReference; lastKnownFileType = sourcecode.swift; path = EmptyBoxView.swift; sourceTree = "<group>"; };
		1C83814C287318AA00427B73 /* CardListView.swift */ = {isa = PBXFileReference; lastKnownFileType = sourcecode.swift; path = CardListView.swift; sourceTree = "<group>"; };
		1CB4531227BD37F1007CE24F /* PublicBoxTabView.swift */ = {isa = PBXFileReference; fileEncoding = 4; lastKnownFileType = sourcecode.swift; path = PublicBoxTabView.swift; sourceTree = "<group>"; };
		1CB4531427BD37F7007CE24F /* PrivateBoxTabView.swift */ = {isa = PBXFileReference; fileEncoding = 4; lastKnownFileType = sourcecode.swift; path = PrivateBoxTabView.swift; sourceTree = "<group>"; };
		1CB4531627BD37FD007CE24F /* OnDemandView.swift */ = {isa = PBXFileReference; fileEncoding = 4; lastKnownFileType = sourcecode.swift; path = OnDemandView.swift; sourceTree = "<group>"; };
		1CB4531827BD380A007CE24F /* FoldingCell.swift */ = {isa = PBXFileReference; fileEncoding = 4; lastKnownFileType = sourcecode.swift; path = FoldingCell.swift; sourceTree = "<group>"; };
		1CB4531A27BD380F007CE24F /* Card.swift */ = {isa = PBXFileReference; fileEncoding = 4; lastKnownFileType = sourcecode.swift; path = Card.swift; sourceTree = "<group>"; };
		1CB4531C27BD3813007CE24F /* AddNewCardView.swift */ = {isa = PBXFileReference; fileEncoding = 4; lastKnownFileType = sourcecode.swift; path = AddNewCardView.swift; sourceTree = "<group>"; };
		1CE7578527EE608400BC91DF /* SectionTitleView.swift */ = {isa = PBXFileReference; lastKnownFileType = sourcecode.swift; path = SectionTitleView.swift; sourceTree = "<group>"; };
		1CE7578727EE74FF00BC91DF /* AddButtonView.swift */ = {isa = PBXFileReference; lastKnownFileType = sourcecode.swift; path = AddButtonView.swift; sourceTree = "<group>"; };
		1CE7578A27EE75A100BC91DF /* LocationManager.swift */ = {isa = PBXFileReference; lastKnownFileType = sourcecode.swift; path = LocationManager.swift; sourceTree = "<group>"; };
		1CF3EDE427B7453900B6559F /* CardBox.app */ = {isa = PBXFileReference; explicitFileType = wrapper.application; includeInIndex = 0; path = CardBox.app; sourceTree = BUILT_PRODUCTS_DIR; };
		1CF3EDE727B7453900B6559F /* CardBoxApp.swift */ = {isa = PBXFileReference; lastKnownFileType = sourcecode.swift; path = CardBoxApp.swift; sourceTree = "<group>"; };
		1CF3EDE927B7453900B6559F /* ContentView.swift */ = {isa = PBXFileReference; lastKnownFileType = sourcecode.swift; path = ContentView.swift; sourceTree = "<group>"; };
		1CF3EDEB27B7453B00B6559F /* Assets.xcassets */ = {isa = PBXFileReference; lastKnownFileType = folder.assetcatalog; path = Assets.xcassets; sourceTree = "<group>"; };
		1CF3EDEE27B7453B00B6559F /* Preview Assets.xcassets */ = {isa = PBXFileReference; lastKnownFileType = folder.assetcatalog; path = "Preview Assets.xcassets"; sourceTree = "<group>"; };
		1CF3EDF427B7453B00B6559F /* CardBoxTests.xctest */ = {isa = PBXFileReference; explicitFileType = wrapper.cfbundle; includeInIndex = 0; path = CardBoxTests.xctest; sourceTree = BUILT_PRODUCTS_DIR; };
		1CF3EDF827B7453B00B6559F /* CardBoxTests.swift */ = {isa = PBXFileReference; lastKnownFileType = sourcecode.swift; path = CardBoxTests.swift; sourceTree = "<group>"; };
		1CF3EDFE27B7453B00B6559F /* CardBoxUITests.xctest */ = {isa = PBXFileReference; explicitFileType = wrapper.cfbundle; includeInIndex = 0; path = CardBoxUITests.xctest; sourceTree = BUILT_PRODUCTS_DIR; };
		1CF3EE0227B7453B00B6559F /* CardBoxUITests.swift */ = {isa = PBXFileReference; lastKnownFileType = sourcecode.swift; path = CardBoxUITests.swift; sourceTree = "<group>"; };
		1CF3EE0427B7453B00B6559F /* CardBoxUITestsLaunchTests.swift */ = {isa = PBXFileReference; lastKnownFileType = sourcecode.swift; path = CardBoxUITestsLaunchTests.swift; sourceTree = "<group>"; };
		1CF3EE1127B7482F00B6559F /* CardBox.entitlements */ = {isa = PBXFileReference; lastKnownFileType = text.plist.entitlements; path = CardBox.entitlements; sourceTree = "<group>"; };
		3A079676F449FCE142E69D5D /* Pods-CardBoxTests.debug.xcconfig */ = {isa = PBXFileReference; includeInIndex = 1; lastKnownFileType = text.xcconfig; name = "Pods-CardBoxTests.debug.xcconfig"; path = "Target Support Files/Pods-CardBoxTests/Pods-CardBoxTests.debug.xcconfig"; sourceTree = "<group>"; };
		4186ADF3A1B96F8775BDFA5B /* Pods_CardBoxTests.framework */ = {isa = PBXFileReference; explicitFileType = wrapper.framework; includeInIndex = 0; path = Pods_CardBoxTests.framework; sourceTree = BUILT_PRODUCTS_DIR; };
		89B4211E10411A45046D4292 /* Pods-CardBoxTests.release.xcconfig */ = {isa = PBXFileReference; includeInIndex = 1; lastKnownFileType = text.xcconfig; name = "Pods-CardBoxTests.release.xcconfig"; path = "Target Support Files/Pods-CardBoxTests/Pods-CardBoxTests.release.xcconfig"; sourceTree = "<group>"; };
		9BCCB02F557BCC4F074756DD /* Pods-CardBox.release.xcconfig */ = {isa = PBXFileReference; includeInIndex = 1; lastKnownFileType = text.xcconfig; name = "Pods-CardBox.release.xcconfig"; path = "Target Support Files/Pods-CardBox/Pods-CardBox.release.xcconfig"; sourceTree = "<group>"; };
		A02E3EEF388C7A4BB7C995D0 /* Pods_CardBox_CardBoxUITests.framework */ = {isa = PBXFileReference; explicitFileType = wrapper.framework; includeInIndex = 0; path = Pods_CardBox_CardBoxUITests.framework; sourceTree = BUILT_PRODUCTS_DIR; };
		A2FB52ED1131190591518219 /* Pods-CardBox-CardBoxUITests.debug.xcconfig */ = {isa = PBXFileReference; includeInIndex = 1; lastKnownFileType = text.xcconfig; name = "Pods-CardBox-CardBoxUITests.debug.xcconfig"; path = "Target Support Files/Pods-CardBox-CardBoxUITests/Pods-CardBox-CardBoxUITests.debug.xcconfig"; sourceTree = "<group>"; };
		A3E5B5C80357B6B15E4227F7 /* Pods-CardBox-CardBoxUITests.release.xcconfig */ = {isa = PBXFileReference; includeInIndex = 1; lastKnownFileType = text.xcconfig; name = "Pods-CardBox-CardBoxUITests.release.xcconfig"; path = "Target Support Files/Pods-CardBox-CardBoxUITests/Pods-CardBox-CardBoxUITests.release.xcconfig"; sourceTree = "<group>"; };
		B821941CBB1464F5C023B932 /* Pods_CardBox.framework */ = {isa = PBXFileReference; explicitFileType = wrapper.framework; includeInIndex = 0; path = Pods_CardBox.framework; sourceTree = BUILT_PRODUCTS_DIR; };
/* End PBXFileReference section */

/* Begin PBXFrameworksBuildPhase section */
		1CF3EDE127B7453900B6559F /* Frameworks */ = {
			isa = PBXFrameworksBuildPhase;
			buildActionMask = 2147483647;
			files = (
				762563F37BD20CB5B306C957 /* Pods_CardBox.framework in Frameworks */,
			);
			runOnlyForDeploymentPostprocessing = 0;
		};
		1CF3EDF127B7453B00B6559F /* Frameworks */ = {
			isa = PBXFrameworksBuildPhase;
			buildActionMask = 2147483647;
			files = (
				B2D3F6D38C130462CA80E599 /* Pods_CardBoxTests.framework in Frameworks */,
			);
			runOnlyForDeploymentPostprocessing = 0;
		};
		1CF3EDFB27B7453B00B6559F /* Frameworks */ = {
			isa = PBXFrameworksBuildPhase;
			buildActionMask = 2147483647;
			files = (
				CA112025C8B5D169E312BC65 /* Pods_CardBox_CardBoxUITests.framework in Frameworks */,
			);
			runOnlyForDeploymentPostprocessing = 0;
		};
/* End PBXFrameworksBuildPhase section */

/* Begin PBXGroup section */
		0A02EF49EAF4B1BCF78D9BC2 /* Pods */ = {
			isa = PBXGroup;
			children = (
				0F96BECD7A30FCC651D100F2 /* Pods-CardBox.debug.xcconfig */,
				9BCCB02F557BCC4F074756DD /* Pods-CardBox.release.xcconfig */,
				A2FB52ED1131190591518219 /* Pods-CardBox-CardBoxUITests.debug.xcconfig */,
				A3E5B5C80357B6B15E4227F7 /* Pods-CardBox-CardBoxUITests.release.xcconfig */,
				3A079676F449FCE142E69D5D /* Pods-CardBoxTests.debug.xcconfig */,
				89B4211E10411A45046D4292 /* Pods-CardBoxTests.release.xcconfig */,
			);
			path = Pods;
			sourceTree = "<group>";
		};
		1C83814E287318D800427B73 /* BoxSubViews */ = {
			isa = PBXGroup;
			children = (
				1CE7578527EE608400BC91DF /* SectionTitleView.swift */,
				1CE7578727EE74FF00BC91DF /* AddButtonView.swift */,
				1C83814A287314E800427B73 /* EmptyBoxView.swift */,
				1C83814C287318AA00427B73 /* CardListView.swift */,
			);
			path = BoxSubViews;
			sourceTree = "<group>";
		};
		1C83814F287318F100427B73 /* CommonSubViews */ = {
			isa = PBXGroup;
			children = (
				1CB4531627BD37FD007CE24F /* OnDemandView.swift */,
				1C17F65F27F2F80F00461412 /* AlertView.swift */,
			);
			path = CommonSubViews;
			sourceTree = "<group>";
		};
		1CE7578427EE606000BC91DF /* SubViews */ = {
			isa = PBXGroup;
			children = (
				1C83814F287318F100427B73 /* CommonSubViews */,
				1C83814E287318D800427B73 /* BoxSubViews */,
			);
			path = SubViews;
			sourceTree = "<group>";
		};
		1CE7578927EE757900BC91DF /* Utils */ = {
			isa = PBXGroup;
			children = (
				1CB4531A27BD380F007CE24F /* Card.swift */,
				1CE7578A27EE75A100BC91DF /* LocationManager.swift */,
				1CB4531827BD380A007CE24F /* FoldingCell.swift */,
				1C2C2A2E27F1737F0034057F /* RealmManager.swift */,
				1C17F66127F41C6000461412 /* DateManager.swift */,
			);
			path = Utils;
			sourceTree = "<group>";
		};
		1CF3EDDB27B7453900B6559F = {
			isa = PBXGroup;
			children = (
				1CF3EDE627B7453900B6559F /* CardBox */,
				1CF3EDF727B7453B00B6559F /* CardBoxTests */,
				1CF3EE0127B7453B00B6559F /* CardBoxUITests */,
				1CF3EDE527B7453900B6559F /* Products */,
				0A02EF49EAF4B1BCF78D9BC2 /* Pods */,
				81F1D3B844EE1DC03C3B36FC /* Frameworks */,
			);
			sourceTree = "<group>";
		};
		1CF3EDE527B7453900B6559F /* Products */ = {
			isa = PBXGroup;
			children = (
				1CF3EDE427B7453900B6559F /* CardBox.app */,
				1CF3EDF427B7453B00B6559F /* CardBoxTests.xctest */,
				1CF3EDFE27B7453B00B6559F /* CardBoxUITests.xctest */,
			);
			name = Products;
			sourceTree = "<group>";
		};
		1CF3EDE627B7453900B6559F /* CardBox */ = {
			isa = PBXGroup;
			children = (
				1CF3EE1127B7482F00B6559F /* CardBox.entitlements */,
				1CF3EDE727B7453900B6559F /* CardBoxApp.swift */,
				1CF3EDE927B7453900B6559F /* ContentView.swift */,
				1CB4531227BD37F1007CE24F /* PublicBoxTabView.swift */,
				1CB4531427BD37F7007CE24F /* PrivateBoxTabView.swift */,
				1CB4531C27BD3813007CE24F /* AddNewCardView.swift */,
				1C07394A27C05B2F000AB324 /* CardView.swift */,
				1CE7578927EE757900BC91DF /* Utils */,
				1CE7578427EE606000BC91DF /* SubViews */,
				1CF3EDEB27B7453B00B6559F /* Assets.xcassets */,
				1CF3EDED27B7453B00B6559F /* Preview Content */,
			);
			path = CardBox;
			sourceTree = "<group>";
		};
		1CF3EDED27B7453B00B6559F /* Preview Content */ = {
			isa = PBXGroup;
			children = (
				1CF3EDEE27B7453B00B6559F /* Preview Assets.xcassets */,
			);
			path = "Preview Content";
			sourceTree = "<group>";
		};
		1CF3EDF727B7453B00B6559F /* CardBoxTests */ = {
			isa = PBXGroup;
			children = (
				1CF3EDF827B7453B00B6559F /* CardBoxTests.swift */,
			);
			path = CardBoxTests;
			sourceTree = "<group>";
		};
		1CF3EE0127B7453B00B6559F /* CardBoxUITests */ = {
			isa = PBXGroup;
			children = (
				1CF3EE0227B7453B00B6559F /* CardBoxUITests.swift */,
				1CF3EE0427B7453B00B6559F /* CardBoxUITestsLaunchTests.swift */,
			);
			path = CardBoxUITests;
			sourceTree = "<group>";
		};
		81F1D3B844EE1DC03C3B36FC /* Frameworks */ = {
			isa = PBXGroup;
			children = (
				B821941CBB1464F5C023B932 /* Pods_CardBox.framework */,
				A02E3EEF388C7A4BB7C995D0 /* Pods_CardBox_CardBoxUITests.framework */,
				4186ADF3A1B96F8775BDFA5B /* Pods_CardBoxTests.framework */,
			);
			name = Frameworks;
			sourceTree = "<group>";
		};
/* End PBXGroup section */

/* Begin PBXNativeTarget section */
		1CF3EDE327B7453900B6559F /* CardBox */ = {
			isa = PBXNativeTarget;
			buildConfigurationList = 1CF3EE0827B7453B00B6559F /* Build configuration list for PBXNativeTarget "CardBox" */;
			buildPhases = (
				9C0FE738125E0CC5CDB789BB /* [CP] Check Pods Manifest.lock */,
				1CF3EDE027B7453900B6559F /* Sources */,
				1CF3EDE127B7453900B6559F /* Frameworks */,
				1CF3EDE227B7453900B6559F /* Resources */,
				5066323F655AA7D656922BAC /* [CP] Embed Pods Frameworks */,
			);
			buildRules = (
			);
			dependencies = (
			);
			name = CardBox;
			productName = CardBox;
			productReference = 1CF3EDE427B7453900B6559F /* CardBox.app */;
			productType = "com.apple.product-type.application";
		};
		1CF3EDF327B7453B00B6559F /* CardBoxTests */ = {
			isa = PBXNativeTarget;
			buildConfigurationList = 1CF3EE0B27B7453B00B6559F /* Build configuration list for PBXNativeTarget "CardBoxTests" */;
			buildPhases = (
				A31CF888C77980E3D760262C /* [CP] Check Pods Manifest.lock */,
				1CF3EDF027B7453B00B6559F /* Sources */,
				1CF3EDF127B7453B00B6559F /* Frameworks */,
				1CF3EDF227B7453B00B6559F /* Resources */,
			);
			buildRules = (
			);
			dependencies = (
				1CF3EDF627B7453B00B6559F /* PBXTargetDependency */,
			);
			name = CardBoxTests;
			productName = CardBoxTests;
			productReference = 1CF3EDF427B7453B00B6559F /* CardBoxTests.xctest */;
			productType = "com.apple.product-type.bundle.unit-test";
		};
		1CF3EDFD27B7453B00B6559F /* CardBoxUITests */ = {
			isa = PBXNativeTarget;
			buildConfigurationList = 1CF3EE0E27B7453B00B6559F /* Build configuration list for PBXNativeTarget "CardBoxUITests" */;
			buildPhases = (
				F5354A36ABF9F3B91C8AD87E /* [CP] Check Pods Manifest.lock */,
				1CF3EDFA27B7453B00B6559F /* Sources */,
				1CF3EDFB27B7453B00B6559F /* Frameworks */,
				1CF3EDFC27B7453B00B6559F /* Resources */,
				FFC759CB795C242A3AF02761 /* [CP] Embed Pods Frameworks */,
			);
			buildRules = (
			);
			dependencies = (
				1CF3EE0027B7453B00B6559F /* PBXTargetDependency */,
			);
			name = CardBoxUITests;
			productName = CardBoxUITests;
			productReference = 1CF3EDFE27B7453B00B6559F /* CardBoxUITests.xctest */;
			productType = "com.apple.product-type.bundle.ui-testing";
		};
/* End PBXNativeTarget section */

/* Begin PBXProject section */
		1CF3EDDC27B7453900B6559F /* Project object */ = {
			isa = PBXProject;
			attributes = {
				BuildIndependentTargetsInParallel = 1;
				LastSwiftUpdateCheck = 1320;
				LastUpgradeCheck = 1320;
				TargetAttributes = {
					1CF3EDE327B7453900B6559F = {
						CreatedOnToolsVersion = 13.2.1;
					};
					1CF3EDF327B7453B00B6559F = {
						CreatedOnToolsVersion = 13.2.1;
						TestTargetID = 1CF3EDE327B7453900B6559F;
					};
					1CF3EDFD27B7453B00B6559F = {
						CreatedOnToolsVersion = 13.2.1;
						TestTargetID = 1CF3EDE327B7453900B6559F;
					};
				};
			};
			buildConfigurationList = 1CF3EDDF27B7453900B6559F /* Build configuration list for PBXProject "CardBox" */;
			compatibilityVersion = "Xcode 13.0";
			developmentRegion = en;
			hasScannedForEncodings = 0;
			knownRegions = (
				en,
				Base,
			);
			mainGroup = 1CF3EDDB27B7453900B6559F;
			productRefGroup = 1CF3EDE527B7453900B6559F /* Products */;
			projectDirPath = "";
			projectRoot = "";
			targets = (
				1CF3EDE327B7453900B6559F /* CardBox */,
				1CF3EDF327B7453B00B6559F /* CardBoxTests */,
				1CF3EDFD27B7453B00B6559F /* CardBoxUITests */,
			);
		};
/* End PBXProject section */

/* Begin PBXResourcesBuildPhase section */
		1CF3EDE227B7453900B6559F /* Resources */ = {
			isa = PBXResourcesBuildPhase;
			buildActionMask = 2147483647;
			files = (
				1CF3EDEF27B7453B00B6559F /* Preview Assets.xcassets in Resources */,
				1CF3EDEC27B7453B00B6559F /* Assets.xcassets in Resources */,
			);
			runOnlyForDeploymentPostprocessing = 0;
		};
		1CF3EDF227B7453B00B6559F /* Resources */ = {
			isa = PBXResourcesBuildPhase;
			buildActionMask = 2147483647;
			files = (
			);
			runOnlyForDeploymentPostprocessing = 0;
		};
		1CF3EDFC27B7453B00B6559F /* Resources */ = {
			isa = PBXResourcesBuildPhase;
			buildActionMask = 2147483647;
			files = (
			);
			runOnlyForDeploymentPostprocessing = 0;
		};
/* End PBXResourcesBuildPhase section */

/* Begin PBXShellScriptBuildPhase section */
		5066323F655AA7D656922BAC /* [CP] Embed Pods Frameworks */ = {
			isa = PBXShellScriptBuildPhase;
			buildActionMask = 2147483647;
			files = (
			);
			inputFileListPaths = (
				"${PODS_ROOT}/Target Support Files/Pods-CardBox/Pods-CardBox-frameworks-${CONFIGURATION}-input-files.xcfilelist",
			);
			name = "[CP] Embed Pods Frameworks";
			outputFileListPaths = (
				"${PODS_ROOT}/Target Support Files/Pods-CardBox/Pods-CardBox-frameworks-${CONFIGURATION}-output-files.xcfilelist",
			);
			runOnlyForDeploymentPostprocessing = 0;
			shellPath = /bin/sh;
			shellScript = "\"${PODS_ROOT}/Target Support Files/Pods-CardBox/Pods-CardBox-frameworks.sh\"\n";
			showEnvVarsInLog = 0;
		};
		9C0FE738125E0CC5CDB789BB /* [CP] Check Pods Manifest.lock */ = {
			isa = PBXShellScriptBuildPhase;
			buildActionMask = 2147483647;
			files = (
			);
			inputFileListPaths = (
			);
			inputPaths = (
				"${PODS_PODFILE_DIR_PATH}/Podfile.lock",
				"${PODS_ROOT}/Manifest.lock",
			);
			name = "[CP] Check Pods Manifest.lock";
			outputFileListPaths = (
			);
			outputPaths = (
				"$(DERIVED_FILE_DIR)/Pods-CardBox-checkManifestLockResult.txt",
			);
			runOnlyForDeploymentPostprocessing = 0;
			shellPath = /bin/sh;
			shellScript = "diff \"${PODS_PODFILE_DIR_PATH}/Podfile.lock\" \"${PODS_ROOT}/Manifest.lock\" > /dev/null\nif [ $? != 0 ] ; then\n    # print error to STDERR\n    echo \"error: The sandbox is not in sync with the Podfile.lock. Run 'pod install' or update your CocoaPods installation.\" >&2\n    exit 1\nfi\n# This output is used by Xcode 'outputs' to avoid re-running this script phase.\necho \"SUCCESS\" > \"${SCRIPT_OUTPUT_FILE_0}\"\n";
			showEnvVarsInLog = 0;
		};
		A31CF888C77980E3D760262C /* [CP] Check Pods Manifest.lock */ = {
			isa = PBXShellScriptBuildPhase;
			buildActionMask = 2147483647;
			files = (
			);
			inputFileListPaths = (
			);
			inputPaths = (
				"${PODS_PODFILE_DIR_PATH}/Podfile.lock",
				"${PODS_ROOT}/Manifest.lock",
			);
			name = "[CP] Check Pods Manifest.lock";
			outputFileListPaths = (
			);
			outputPaths = (
				"$(DERIVED_FILE_DIR)/Pods-CardBoxTests-checkManifestLockResult.txt",
			);
			runOnlyForDeploymentPostprocessing = 0;
			shellPath = /bin/sh;
			shellScript = "diff \"${PODS_PODFILE_DIR_PATH}/Podfile.lock\" \"${PODS_ROOT}/Manifest.lock\" > /dev/null\nif [ $? != 0 ] ; then\n    # print error to STDERR\n    echo \"error: The sandbox is not in sync with the Podfile.lock. Run 'pod install' or update your CocoaPods installation.\" >&2\n    exit 1\nfi\n# This output is used by Xcode 'outputs' to avoid re-running this script phase.\necho \"SUCCESS\" > \"${SCRIPT_OUTPUT_FILE_0}\"\n";
			showEnvVarsInLog = 0;
		};
		F5354A36ABF9F3B91C8AD87E /* [CP] Check Pods Manifest.lock */ = {
			isa = PBXShellScriptBuildPhase;
			buildActionMask = 2147483647;
			files = (
			);
			inputFileListPaths = (
			);
			inputPaths = (
				"${PODS_PODFILE_DIR_PATH}/Podfile.lock",
				"${PODS_ROOT}/Manifest.lock",
			);
			name = "[CP] Check Pods Manifest.lock";
			outputFileListPaths = (
			);
			outputPaths = (
				"$(DERIVED_FILE_DIR)/Pods-CardBox-CardBoxUITests-checkManifestLockResult.txt",
			);
			runOnlyForDeploymentPostprocessing = 0;
			shellPath = /bin/sh;
			shellScript = "diff \"${PODS_PODFILE_DIR_PATH}/Podfile.lock\" \"${PODS_ROOT}/Manifest.lock\" > /dev/null\nif [ $? != 0 ] ; then\n    # print error to STDERR\n    echo \"error: The sandbox is not in sync with the Podfile.lock. Run 'pod install' or update your CocoaPods installation.\" >&2\n    exit 1\nfi\n# This output is used by Xcode 'outputs' to avoid re-running this script phase.\necho \"SUCCESS\" > \"${SCRIPT_OUTPUT_FILE_0}\"\n";
			showEnvVarsInLog = 0;
		};
		FFC759CB795C242A3AF02761 /* [CP] Embed Pods Frameworks */ = {
			isa = PBXShellScriptBuildPhase;
			buildActionMask = 2147483647;
			files = (
			);
			inputFileListPaths = (
				"${PODS_ROOT}/Target Support Files/Pods-CardBox-CardBoxUITests/Pods-CardBox-CardBoxUITests-frameworks-${CONFIGURATION}-input-files.xcfilelist",
			);
			name = "[CP] Embed Pods Frameworks";
			outputFileListPaths = (
				"${PODS_ROOT}/Target Support Files/Pods-CardBox-CardBoxUITests/Pods-CardBox-CardBoxUITests-frameworks-${CONFIGURATION}-output-files.xcfilelist",
			);
			runOnlyForDeploymentPostprocessing = 0;
			shellPath = /bin/sh;
			shellScript = "\"${PODS_ROOT}/Target Support Files/Pods-CardBox-CardBoxUITests/Pods-CardBox-CardBoxUITests-frameworks.sh\"\n";
			showEnvVarsInLog = 0;
		};
/* End PBXShellScriptBuildPhase section */

/* Begin PBXSourcesBuildPhase section */
		1CF3EDE027B7453900B6559F /* Sources */ = {
			isa = PBXSourcesBuildPhase;
			buildActionMask = 2147483647;
			files = (
				1C83814B287314E800427B73 /* EmptyBoxView.swift in Sources */,
				1CB4531527BD37F7007CE24F /* PrivateBoxTabView.swift in Sources */,
				1C17F66227F41C6000461412 /* DateManager.swift in Sources */,
				1C2C2A2F27F1737F0034057F /* RealmManager.swift in Sources */,
				1C07394B27C05B2F000AB324 /* CardView.swift in Sources */,
				1CB4531327BD37F1007CE24F /* PublicBoxTabView.swift in Sources */,
				1CE7578627EE608400BC91DF /* SectionTitleView.swift in Sources */,
				1CB4531B27BD380F007CE24F /* Card.swift in Sources */,
				1CF3EDEA27B7453900B6559F /* ContentView.swift in Sources */,
				1CE7578B27EE75A100BC91DF /* LocationManager.swift in Sources */,
				1CB4531727BD37FD007CE24F /* OnDemandView.swift in Sources */,
				1C83814D287318AA00427B73 /* CardListView.swift in Sources */,
				1C17F66027F2F80F00461412 /* AlertView.swift in Sources */,
				1CF3EDE827B7453900B6559F /* CardBoxApp.swift in Sources */,
				1CE7578827EE74FF00BC91DF /* AddButtonView.swift in Sources */,
				1CB4531927BD380A007CE24F /* FoldingCell.swift in Sources */,
				1CB4531D27BD3813007CE24F /* AddNewCardView.swift in Sources */,
			);
			runOnlyForDeploymentPostprocessing = 0;
		};
		1CF3EDF027B7453B00B6559F /* Sources */ = {
			isa = PBXSourcesBuildPhase;
			buildActionMask = 2147483647;
			files = (
				1CF3EDF927B7453B00B6559F /* CardBoxTests.swift in Sources */,
			);
			runOnlyForDeploymentPostprocessing = 0;
		};
		1CF3EDFA27B7453B00B6559F /* Sources */ = {
			isa = PBXSourcesBuildPhase;
			buildActionMask = 2147483647;
			files = (
				1CF3EE0527B7453B00B6559F /* CardBoxUITestsLaunchTests.swift in Sources */,
				1CF3EE0327B7453B00B6559F /* CardBoxUITests.swift in Sources */,
			);
			runOnlyForDeploymentPostprocessing = 0;
		};
/* End PBXSourcesBuildPhase section */

/* Begin PBXTargetDependency section */
		1CF3EDF627B7453B00B6559F /* PBXTargetDependency */ = {
			isa = PBXTargetDependency;
			target = 1CF3EDE327B7453900B6559F /* CardBox */;
			targetProxy = 1CF3EDF527B7453B00B6559F /* PBXContainerItemProxy */;
		};
		1CF3EE0027B7453B00B6559F /* PBXTargetDependency */ = {
			isa = PBXTargetDependency;
			target = 1CF3EDE327B7453900B6559F /* CardBox */;
			targetProxy = 1CF3EDFF27B7453B00B6559F /* PBXContainerItemProxy */;
		};
/* End PBXTargetDependency section */

/* Begin XCBuildConfiguration section */
		1CF3EE0627B7453B00B6559F /* Debug */ = {
			isa = XCBuildConfiguration;
			buildSettings = {
				ALWAYS_SEARCH_USER_PATHS = NO;
				CLANG_ANALYZER_NONNULL = YES;
				CLANG_ANALYZER_NUMBER_OBJECT_CONVERSION = YES_AGGRESSIVE;
				CLANG_CXX_LANGUAGE_STANDARD = "gnu++17";
				CLANG_CXX_LIBRARY = "libc++";
				CLANG_ENABLE_MODULES = YES;
				CLANG_ENABLE_OBJC_ARC = YES;
				CLANG_ENABLE_OBJC_WEAK = YES;
				CLANG_WARN_BLOCK_CAPTURE_AUTORELEASING = YES;
				CLANG_WARN_BOOL_CONVERSION = YES;
				CLANG_WARN_COMMA = YES;
				CLANG_WARN_CONSTANT_CONVERSION = YES;
				CLANG_WARN_DEPRECATED_OBJC_IMPLEMENTATIONS = YES;
				CLANG_WARN_DIRECT_OBJC_ISA_USAGE = YES_ERROR;
				CLANG_WARN_DOCUMENTATION_COMMENTS = YES;
				CLANG_WARN_EMPTY_BODY = YES;
				CLANG_WARN_ENUM_CONVERSION = YES;
				CLANG_WARN_INFINITE_RECURSION = YES;
				CLANG_WARN_INT_CONVERSION = YES;
				CLANG_WARN_NON_LITERAL_NULL_CONVERSION = YES;
				CLANG_WARN_OBJC_IMPLICIT_RETAIN_SELF = YES;
				CLANG_WARN_OBJC_LITERAL_CONVERSION = YES;
				CLANG_WARN_OBJC_ROOT_CLASS = YES_ERROR;
				CLANG_WARN_QUOTED_INCLUDE_IN_FRAMEWORK_HEADER = YES;
				CLANG_WARN_RANGE_LOOP_ANALYSIS = YES;
				CLANG_WARN_STRICT_PROTOTYPES = YES;
				CLANG_WARN_SUSPICIOUS_MOVE = YES;
				CLANG_WARN_UNGUARDED_AVAILABILITY = YES_AGGRESSIVE;
				CLANG_WARN_UNREACHABLE_CODE = YES;
				CLANG_WARN__DUPLICATE_METHOD_MATCH = YES;
				COPY_PHASE_STRIP = NO;
				DEBUG_INFORMATION_FORMAT = dwarf;
				ENABLE_STRICT_OBJC_MSGSEND = YES;
				ENABLE_TESTABILITY = YES;
				GCC_C_LANGUAGE_STANDARD = gnu11;
				GCC_DYNAMIC_NO_PIC = NO;
				GCC_NO_COMMON_BLOCKS = YES;
				GCC_OPTIMIZATION_LEVEL = 0;
				GCC_PREPROCESSOR_DEFINITIONS = (
					"DEBUG=1",
					"$(inherited)",
				);
				GCC_WARN_64_TO_32_BIT_CONVERSION = YES;
				GCC_WARN_ABOUT_RETURN_TYPE = YES_ERROR;
				GCC_WARN_UNDECLARED_SELECTOR = YES;
				GCC_WARN_UNINITIALIZED_AUTOS = YES_AGGRESSIVE;
				GCC_WARN_UNUSED_FUNCTION = YES;
				GCC_WARN_UNUSED_VARIABLE = YES;
				IPHONEOS_DEPLOYMENT_TARGET = 15.2;
				MTL_ENABLE_DEBUG_INFO = INCLUDE_SOURCE;
				MTL_FAST_MATH = YES;
				ONLY_ACTIVE_ARCH = YES;
				SDKROOT = iphoneos;
				SWIFT_ACTIVE_COMPILATION_CONDITIONS = DEBUG;
				SWIFT_OPTIMIZATION_LEVEL = "-Onone";
			};
			name = Debug;
		};
		1CF3EE0727B7453B00B6559F /* Release */ = {
			isa = XCBuildConfiguration;
			buildSettings = {
				ALWAYS_SEARCH_USER_PATHS = NO;
				CLANG_ANALYZER_NONNULL = YES;
				CLANG_ANALYZER_NUMBER_OBJECT_CONVERSION = YES_AGGRESSIVE;
				CLANG_CXX_LANGUAGE_STANDARD = "gnu++17";
				CLANG_CXX_LIBRARY = "libc++";
				CLANG_ENABLE_MODULES = YES;
				CLANG_ENABLE_OBJC_ARC = YES;
				CLANG_ENABLE_OBJC_WEAK = YES;
				CLANG_WARN_BLOCK_CAPTURE_AUTORELEASING = YES;
				CLANG_WARN_BOOL_CONVERSION = YES;
				CLANG_WARN_COMMA = YES;
				CLANG_WARN_CONSTANT_CONVERSION = YES;
				CLANG_WARN_DEPRECATED_OBJC_IMPLEMENTATIONS = YES;
				CLANG_WARN_DIRECT_OBJC_ISA_USAGE = YES_ERROR;
				CLANG_WARN_DOCUMENTATION_COMMENTS = YES;
				CLANG_WARN_EMPTY_BODY = YES;
				CLANG_WARN_ENUM_CONVERSION = YES;
				CLANG_WARN_INFINITE_RECURSION = YES;
				CLANG_WARN_INT_CONVERSION = YES;
				CLANG_WARN_NON_LITERAL_NULL_CONVERSION = YES;
				CLANG_WARN_OBJC_IMPLICIT_RETAIN_SELF = YES;
				CLANG_WARN_OBJC_LITERAL_CONVERSION = YES;
				CLANG_WARN_OBJC_ROOT_CLASS = YES_ERROR;
				CLANG_WARN_QUOTED_INCLUDE_IN_FRAMEWORK_HEADER = YES;
				CLANG_WARN_RANGE_LOOP_ANALYSIS = YES;
				CLANG_WARN_STRICT_PROTOTYPES = YES;
				CLANG_WARN_SUSPICIOUS_MOVE = YES;
				CLANG_WARN_UNGUARDED_AVAILABILITY = YES_AGGRESSIVE;
				CLANG_WARN_UNREACHABLE_CODE = YES;
				CLANG_WARN__DUPLICATE_METHOD_MATCH = YES;
				COPY_PHASE_STRIP = NO;
				DEBUG_INFORMATION_FORMAT = "dwarf-with-dsym";
				ENABLE_NS_ASSERTIONS = NO;
				ENABLE_STRICT_OBJC_MSGSEND = YES;
				GCC_C_LANGUAGE_STANDARD = gnu11;
				GCC_NO_COMMON_BLOCKS = YES;
				GCC_WARN_64_TO_32_BIT_CONVERSION = YES;
				GCC_WARN_ABOUT_RETURN_TYPE = YES_ERROR;
				GCC_WARN_UNDECLARED_SELECTOR = YES;
				GCC_WARN_UNINITIALIZED_AUTOS = YES_AGGRESSIVE;
				GCC_WARN_UNUSED_FUNCTION = YES;
				GCC_WARN_UNUSED_VARIABLE = YES;
				IPHONEOS_DEPLOYMENT_TARGET = 15.2;
				MTL_ENABLE_DEBUG_INFO = NO;
				MTL_FAST_MATH = YES;
				SDKROOT = iphoneos;
				SWIFT_COMPILATION_MODE = wholemodule;
				SWIFT_OPTIMIZATION_LEVEL = "-O";
				VALIDATE_PRODUCT = YES;
			};
			name = Release;
		};
		1CF3EE0927B7453B00B6559F /* Debug */ = {
			isa = XCBuildConfiguration;
			baseConfigurationReference = 0F96BECD7A30FCC651D100F2 /* Pods-CardBox.debug.xcconfig */;
			buildSettings = {
				ASSETCATALOG_COMPILER_APPICON_NAME = AppIcon;
				ASSETCATALOG_COMPILER_GLOBAL_ACCENT_COLOR_NAME = AccentColor;
				CODE_SIGN_ENTITLEMENTS = CardBox/CardBox.entitlements;
				CODE_SIGN_IDENTITY = "Apple Development";
				CODE_SIGN_STYLE = Automatic;
				CURRENT_PROJECT_VERSION = 1;
				DEVELOPMENT_ASSET_PATHS = "\"CardBox/Preview Content\"";
				DEVELOPMENT_TEAM = VC9MJ6V547;
				ENABLE_PREVIEWS = YES;
				GENERATE_INFOPLIST_FILE = YES;
				INFOPLIST_KEY_NSFaceIDUsageDescription = "You can use FaceID for the Private Box";
				INFOPLIST_KEY_NSLocationAlwaysAndWhenInUseUsageDescription = "You can fill 'Location' by pressing the map button";
				INFOPLIST_KEY_NSLocationAlwaysUsageDescription = "You can fill 'Location' by pressing the map button";
				INFOPLIST_KEY_NSLocationWhenInUseUsageDescription = "You can fill 'Location' by pressing the map button";
				INFOPLIST_KEY_UIApplicationSceneManifest_Generation = YES;
				INFOPLIST_KEY_UIApplicationSupportsIndirectInputEvents = YES;
				INFOPLIST_KEY_UILaunchScreen_Generation = YES;
				INFOPLIST_KEY_UISupportedInterfaceOrientations = "UIInterfaceOrientationPortrait UIInterfaceOrientationPortraitUpsideDown";
				INFOPLIST_KEY_UISupportedInterfaceOrientations_iPad = "UIInterfaceOrientationPortrait UIInterfaceOrientationPortraitUpsideDown UIInterfaceOrientationLandscapeLeft UIInterfaceOrientationLandscapeRight";
				INFOPLIST_KEY_UISupportedInterfaceOrientations_iPhone = UIInterfaceOrientationPortrait;
				LD_RUNPATH_SEARCH_PATHS = (
					"$(inherited)",
					"@executable_path/Frameworks",
				);
				MARKETING_VERSION = 1.0;
				PRODUCT_BUNDLE_IDENTIFIER = com.cardbox;
				PRODUCT_NAME = "$(TARGET_NAME)";
				PROVISIONING_PROFILE_SPECIFIER = "";
				SUPPORTS_MACCATALYST = NO;
				SWIFT_EMIT_LOC_STRINGS = YES;
				SWIFT_VERSION = 5.0;
				TARGETED_DEVICE_FAMILY = 1;
			};
			name = Debug;
		};
		1CF3EE0A27B7453B00B6559F /* Release */ = {
			isa = XCBuildConfiguration;
			baseConfigurationReference = 9BCCB02F557BCC4F074756DD /* Pods-CardBox.release.xcconfig */;
			buildSettings = {
				ASSETCATALOG_COMPILER_APPICON_NAME = AppIcon;
				ASSETCATALOG_COMPILER_GLOBAL_ACCENT_COLOR_NAME = AccentColor;
				CODE_SIGN_ENTITLEMENTS = CardBox/CardBox.entitlements;
				CODE_SIGN_IDENTITY = "Apple Development";
				CODE_SIGN_STYLE = Automatic;
				CURRENT_PROJECT_VERSION = 1;
				DEVELOPMENT_ASSET_PATHS = "\"CardBox/Preview Content\"";
				DEVELOPMENT_TEAM = VC9MJ6V547;
				ENABLE_PREVIEWS = YES;
				GENERATE_INFOPLIST_FILE = YES;
				INFOPLIST_KEY_NSFaceIDUsageDescription = "You can use FaceID for the Private Box";
				INFOPLIST_KEY_NSLocationAlwaysAndWhenInUseUsageDescription = "You can fill 'Location' by pressing the map button";
				INFOPLIST_KEY_NSLocationAlwaysUsageDescription = "You can fill 'Location' by pressing the map button";
				INFOPLIST_KEY_NSLocationWhenInUseUsageDescription = "You can fill 'Location' by pressing the map button";
				INFOPLIST_KEY_UIApplicationSceneManifest_Generation = YES;
				INFOPLIST_KEY_UIApplicationSupportsIndirectInputEvents = YES;
				INFOPLIST_KEY_UILaunchScreen_Generation = YES;
				INFOPLIST_KEY_UISupportedInterfaceOrientations = "UIInterfaceOrientationPortrait UIInterfaceOrientationPortraitUpsideDown";
				INFOPLIST_KEY_UISupportedInterfaceOrientations_iPad = "UIInterfaceOrientationPortrait UIInterfaceOrientationPortraitUpsideDown UIInterfaceOrientationLandscapeLeft UIInterfaceOrientationLandscapeRight";
				INFOPLIST_KEY_UISupportedInterfaceOrientations_iPhone = UIInterfaceOrientationPortrait;
				LD_RUNPATH_SEARCH_PATHS = (
					"$(inherited)",
					"@executable_path/Frameworks",
				);
				MARKETING_VERSION = 1.0;
				PRODUCT_BUNDLE_IDENTIFIER = com.cardbox;
				PRODUCT_NAME = "$(TARGET_NAME)";
				PROVISIONING_PROFILE_SPECIFIER = "";
				SUPPORTS_MACCATALYST = NO;
				SWIFT_EMIT_LOC_STRINGS = YES;
				SWIFT_VERSION = 5.0;
				TARGETED_DEVICE_FAMILY = 1;
			};
			name = Release;
		};
		1CF3EE0C27B7453B00B6559F /* Debug */ = {
			isa = XCBuildConfiguration;
			baseConfigurationReference = 3A079676F449FCE142E69D5D /* Pods-CardBoxTests.debug.xcconfig */;
			buildSettings = {
				ALWAYS_EMBED_SWIFT_STANDARD_LIBRARIES = YES;
				BUNDLE_LOADER = "$(TEST_HOST)";
				CODE_SIGN_STYLE = Automatic;
				CURRENT_PROJECT_VERSION = 1;
				DEVELOPMENT_TEAM = VC9MJ6V547;
				GENERATE_INFOPLIST_FILE = YES;
				IPHONEOS_DEPLOYMENT_TARGET = 15.2;
				MARKETING_VERSION = 1.0;
				PRODUCT_BUNDLE_IDENTIFIER = com.cardbox.CardBoxTests;
				PRODUCT_NAME = "$(TARGET_NAME)";
				SWIFT_EMIT_LOC_STRINGS = NO;
				SWIFT_VERSION = 5.0;
				TARGETED_DEVICE_FAMILY = "1,2";
				TEST_HOST = "$(BUILT_PRODUCTS_DIR)/CardBox.app/CardBox";
			};
			name = Debug;
		};
		1CF3EE0D27B7453B00B6559F /* Release */ = {
			isa = XCBuildConfiguration;
			baseConfigurationReference = 89B4211E10411A45046D4292 /* Pods-CardBoxTests.release.xcconfig */;
			buildSettings = {
				ALWAYS_EMBED_SWIFT_STANDARD_LIBRARIES = YES;
				BUNDLE_LOADER = "$(TEST_HOST)";
				CODE_SIGN_STYLE = Automatic;
				CURRENT_PROJECT_VERSION = 1;
				DEVELOPMENT_TEAM = VC9MJ6V547;
				GENERATE_INFOPLIST_FILE = YES;
				IPHONEOS_DEPLOYMENT_TARGET = 15.2;
				MARKETING_VERSION = 1.0;
				PRODUCT_BUNDLE_IDENTIFIER = com.cardbox.CardBoxTests;
				PRODUCT_NAME = "$(TARGET_NAME)";
				SWIFT_EMIT_LOC_STRINGS = NO;
				SWIFT_VERSION = 5.0;
				TARGETED_DEVICE_FAMILY = "1,2";
				TEST_HOST = "$(BUILT_PRODUCTS_DIR)/CardBox.app/CardBox";
			};
			name = Release;
		};
		1CF3EE0F27B7453B00B6559F /* Debug */ = {
			isa = XCBuildConfiguration;
			baseConfigurationReference = A2FB52ED1131190591518219 /* Pods-CardBox-CardBoxUITests.debug.xcconfig */;
			buildSettings = {
				ALWAYS_EMBED_SWIFT_STANDARD_LIBRARIES = YES;
				CODE_SIGN_STYLE = Automatic;
				CURRENT_PROJECT_VERSION = 1;
				DEVELOPMENT_TEAM = VC9MJ6V547;
				GENERATE_INFOPLIST_FILE = YES;
				MARKETING_VERSION = 1.0;
				PRODUCT_BUNDLE_IDENTIFIER = com.cardbox.CardBoxUITests;
				PRODUCT_NAME = "$(TARGET_NAME)";
				SWIFT_EMIT_LOC_STRINGS = NO;
				SWIFT_VERSION = 5.0;
				TARGETED_DEVICE_FAMILY = "1,2";
				TEST_TARGET_NAME = CardBox;
			};
			name = Debug;
		};
		1CF3EE1027B7453B00B6559F /* Release */ = {
			isa = XCBuildConfiguration;
			baseConfigurationReference = A3E5B5C80357B6B15E4227F7 /* Pods-CardBox-CardBoxUITests.release.xcconfig */;
			buildSettings = {
				ALWAYS_EMBED_SWIFT_STANDARD_LIBRARIES = YES;
				CODE_SIGN_STYLE = Automatic;
				CURRENT_PROJECT_VERSION = 1;
				DEVELOPMENT_TEAM = VC9MJ6V547;
				GENERATE_INFOPLIST_FILE = YES;
				MARKETING_VERSION = 1.0;
				PRODUCT_BUNDLE_IDENTIFIER = com.cardbox.CardBoxUITests;
				PRODUCT_NAME = "$(TARGET_NAME)";
				SWIFT_EMIT_LOC_STRINGS = NO;
				SWIFT_VERSION = 5.0;
				TARGETED_DEVICE_FAMILY = "1,2";
				TEST_TARGET_NAME = CardBox;
			};
			name = Release;
		};
/* End XCBuildConfiguration section */

/* Begin XCConfigurationList section */
		1CF3EDDF27B7453900B6559F /* Build configuration list for PBXProject "CardBox" */ = {
			isa = XCConfigurationList;
			buildConfigurations = (
				1CF3EE0627B7453B00B6559F /* Debug */,
				1CF3EE0727B7453B00B6559F /* Release */,
			);
			defaultConfigurationIsVisible = 0;
			defaultConfigurationName = Release;
		};
		1CF3EE0827B7453B00B6559F /* Build configuration list for PBXNativeTarget "CardBox" */ = {
			isa = XCConfigurationList;
			buildConfigurations = (
				1CF3EE0927B7453B00B6559F /* Debug */,
				1CF3EE0A27B7453B00B6559F /* Release */,
			);
			defaultConfigurationIsVisible = 0;
			defaultConfigurationName = Release;
		};
		1CF3EE0B27B7453B00B6559F /* Build configuration list for PBXNativeTarget "CardBoxTests" */ = {
			isa = XCConfigurationList;
			buildConfigurations = (
				1CF3EE0C27B7453B00B6559F /* Debug */,
				1CF3EE0D27B7453B00B6559F /* Release */,
			);
			defaultConfigurationIsVisible = 0;
			defaultConfigurationName = Release;
		};
		1CF3EE0E27B7453B00B6559F /* Build configuration list for PBXNativeTarget "CardBoxUITests" */ = {
			isa = XCConfigurationList;
			buildConfigurations = (
				1CF3EE0F27B7453B00B6559F /* Debug */,
				1CF3EE1027B7453B00B6559F /* Release */,
			);
			defaultConfigurationIsVisible = 0;
			defaultConfigurationName = Release;
		};
/* End XCConfigurationList section */
	};
	rootObject = 1CF3EDDC27B7453900B6559F /* Project object */;
}
